
Microsoft Visual Studio Solution File, Format Version 12.00
# Visual Studio Express 2012 for Windows Desktop
Project("{FAE04EC0-301F-11D3-BF4B-00C04F79EFBC}") = "ArcanLauncher", "ArcanLauncher\ArcanLauncher.csproj", "{1FC6864D-77E3-4AE9-AB3F-3E450B4335E4}"
EndProject
Global
	GlobalSection(SolutionConfigurationPlatforms) = preSolution
		Debug|Any CPU = Debug|Any CPU
		Release|Any CPU = Release|Any CPU
	EndGlobalSection
	GlobalSection(ProjectConfigurationPlatforms) = postSolution
		{1FC6864D-77E3-4AE9-AB3F-3E450B4335E4}.Debug|Any CPU.ActiveCfg = Release|Any CPU
		{1FC6864D-77E3-4AE9-AB3F-3E450B4335E4}.Debug|Any CPU.Build.0 = Release|Any CPU
		{1FC6864D-77E3-4AE9-AB3F-3E450B4335E4}.Release|Any CPU.ActiveCfg = Release|Any CPU
		{1FC6864D-77E3-4AE9-AB3F-3E450B4335E4}.Release|Any CPU.Build.0 = Release|Any CPU
	EndGlobalSection
	GlobalSection(SolutionProperties) = preSolution
		HideSolutionNode = FALSE
	EndGlobalSection
EndGlobal
